{
  "object": {
    "pins": [
      {
        "package": "CCurl",
        "repositoryURL": "https://github.com/IBM-Swift/CCurl.git",
        "state": {
          "branch": null,
          "revision": "f481bd86e58787824cc1c1ec1786e03b67831f38",
          "version": "0.4.1"
        }
      },
      {
        "package": "CEpoll",
        "repositoryURL": "https://github.com/IBM-Swift/CEpoll.git",
        "state": {
          "branch": null,
          "revision": "7b65f0adfe5a1f36fc16b16760f5f99cfd3a4e1a",
          "version": "0.1.1"
        }
      },
      {
        "package": "CloudEnvironment",
        "repositoryURL": "https://github.com/IBM-Swift/CloudEnvironment.git",
        "state": {
          "branch": null,
          "revision": "1100268ee17670fd320b0d9463a66e13ca24755f",
          "version": "4.0.5"
        }
      },
      {
        "package": "CloudFoundryDeploymentTracker",
        "repositoryURL": "https://github.com/IBM-Bluemix/cf-deployment-tracker-client-swift.git",
        "state": {
          "branch": null,
          "revision": "4e897a46a050dd959e010ec210e585cdb484d0de",
          "version": "4.0.1"
        }
      },
      {
        "package": "CloudFoundryEnv",
        "repositoryURL": "https://github.com/IBM-Swift/Swift-cfenv.git",
        "state": {
          "branch": null,
          "revision": "6ded559c54871fd7a94a0c7fabe51e096bb1e392",
          "version": "4.1.0"
        }
      },
      {
        "package": "Configuration",
        "repositoryURL": "https://github.com/IBM-Swift/Configuration.git",
        "state": {
          "branch": null,
          "revision": "9973bcc64f41c81c9716bf1306079be61f29c998",
          "version": "1.0.4"
        }
      },
      {
        "package": "Health",
        "repositoryURL": "https://github.com/IBM-Swift/Health.git",
        "state": {
          "branch": null,
          "revision": "44e4dd4f41fc11fa8ed23ea991935462fcee06f7",
          "version": "0.0.1"
        }
      },
      {
        "package": "HeliumLogger",
        "repositoryURL": "https://github.com/IBM-Swift/HeliumLogger.git",
        "state": {
          "branch": null,
          "revision": "2afeb4c02f5a48a7fbd081fe8607b91eeebd7ecb",
          "version": "1.7.1"
        }
      },
      {
        "package": "Kitura",
        "repositoryURL": "https://github.com/IBM-Swift/Kitura.git",
        "state": {
          "branch": null,
          "revision": "e02c756134c5b399cfc45f186bc2c6f1d51032d1",
          "version": "1.7.9"
        }
      },
      {
        "package": "Kitura-net",
        "repositoryURL": "https://github.com/IBM-Swift/Kitura-net.git",
        "state": {
          "branch": null,
          "revision": "5b1b9b2463633f43f0e9fcee74c8360d6feb8d81",
          "version": "1.7.16"
        }
      },
      {
        "package": "Kitura-TemplateEngine",
        "repositoryURL": "https://github.com/IBM-Swift/Kitura-TemplateEngine.git",
        "state": {
          "branch": null,
          "revision": "8e75a213bf4dd7b5effd03848335e344535969aa",
          "version": "1.7.2"
        }
      },
      {
        "package": "LoggerAPI",
        "repositoryURL": "https://github.com/IBM-Swift/LoggerAPI.git",
        "state": {
          "branch": null,
          "revision": "6b62fe66da9b8794d6581e5c341710eea3173cd4",
          "version": "1.7.1"
        }
      },
      {
        "package": "OpenSSL",
        "repositoryURL": "https://github.com/IBM-Swift/OpenSSL.git",
        "state": {
          "branch": null,
          "revision": "95c405c18a071a1c13616e984ba1b3c6091ca6ca",
          "version": "0.3.7"
        }
      },
      {
        "package": "Signals",
        "repositoryURL": "https://github.com/IBM-Swift/BlueSignals.git",
        "state": {
          "branch": null,
          "revision": "0fab5a9f166e96f17bb9646dc56cd22a6f3c3757",
          "version": "0.9.50"
        }
      },
      {
        "package": "Socket",
        "repositoryURL": "https://github.com/IBM-Swift/BlueSocket.git",
        "state": {
          "branch": null,
          "revision": "d7d26f12e9614679423d4f7731de43597ae1e872",
          "version": "0.12.70"
        }
      },
      {
        "package": "SSLService",
        "repositoryURL": "https://github.com/IBM-Swift/BlueSSLService.git",
        "state": {
          "branch": null,
          "revision": "b4cac06a7860b7016ee968563812e9af3afe28e3",
          "version": "0.12.57"
        }
      },
      {
        "package": "SwiftyJSON",
        "repositoryURL": "https://github.com/IBM-Swift/SwiftyJSON.git",
        "state": {
          "branch": null,
          "revision": "1190845cf7d25a5c8ea7653fe03dcdd39a082056",
          "version": "17.0.0"
        }
      }
    ]
  },
  "version": 1
}
